
Microsoft Visual Studio Solution File, Format Version 12.00
# Visual Studio Version 17
VisualStudioVersion = 17.5.33424.131
MinimumVisualStudioVersion = 10.0.40219.1
Project("{9A19103F-16F7-4668-BE54-9A1E7A4F7556}") = "SoGanChuaRa", "SoGanChuaRa.csproj", "{3BEE72BB-0CD9-4BAD-AB6C-68810543C703}"
EndProject
Project("{9A19103F-16F7-4668-BE54-9A1E7A4F7556}") = "Export40New", "..\Export40New\Export40New.csproj", "{7A4A9827-9EFD-4207-BFD0-F7956B13C1BB}"
EndProject
Project("{9A19103F-16F7-4668-BE54-9A1E7A4F7556}") = "Export40Old", "..\Export40Old\Export40Old.csproj", "{D7AED698-BF5A-4C75-A904-172EF22F2D6F}"
EndProject
Global
	GlobalSection(SolutionConfigurationPlatforms) = preSolution
		Debug|Any CPU = Debug|Any CPU
		Release|Any CPU = Release|Any CPU
	EndGlobalSection
	GlobalSection(ProjectConfigurationPlatforms) = postSolution
		{3BEE72BB-0CD9-4BAD-AB6C-68810543C703}.Debug|Any CPU.ActiveCfg = Debug|Any CPU
		{3BEE72BB-0CD9-4BAD-AB6C-68810543C703}.Debug|Any CPU.Build.0 = Debug|Any CPU
		{3BEE72BB-0CD9-4BAD-AB6C-68810543C703}.Release|Any CPU.ActiveCfg = Release|Any CPU
		{3BEE72BB-0CD9-4BAD-AB6C-68810543C703}.Release|Any CPU.Build.0 = Release|Any CPU
		{7A4A9827-9EFD-4207-BFD0-F7956B13C1BB}.Debug|Any CPU.ActiveCfg = Debug|Any CPU
		{7A4A9827-9EFD-4207-BFD0-F7956B13C1BB}.Debug|Any CPU.Build.0 = Debug|Any CPU
		{7A4A9827-9EFD-4207-BFD0-F7956B13C1BB}.Release|Any CPU.ActiveCfg = Release|Any CPU
		{7A4A9827-9EFD-4207-BFD0-F7956B13C1BB}.Release|Any CPU.Build.0 = Release|Any CPU
		{D7AED698-BF5A-4C75-A904-172EF22F2D6F}.Debug|Any CPU.ActiveCfg = Debug|Any CPU
		{D7AED698-BF5A-4C75-A904-172EF22F2D6F}.Debug|Any CPU.Build.0 = Debug|Any CPU
		{D7AED698-BF5A-4C75-A904-172EF22F2D6F}.Release|Any CPU.ActiveCfg = Release|Any CPU
		{D7AED698-BF5A-4C75-A904-172EF22F2D6F}.Release|Any CPU.Build.0 = Release|Any CPU
	EndGlobalSection
	GlobalSection(SolutionProperties) = preSolution
		HideSolutionNode = FALSE
	EndGlobalSection
	GlobalSection(ExtensibilityGlobals) = postSolution
		SolutionGuid = {DB449CCB-118A-439D-8068-AA8D7E997C36}
	EndGlobalSection
EndGlobal
